
Microsoft Visual Studio Solution File, Format Version 12.00
# Visual Studio 2012
Project("{FAE04EC0-301F-11D3-BF4B-00C04F79EFBC}") = "JsonApi", "JsonApi\JsonApi.csproj", "{A6B4BD7C-D98A-4B6E-A66A-9221F1C8C0A2}"
EndProject
Project("{FAE04EC0-301F-11D3-BF4B-00C04F79EFBC}") = "Host", "Host\Host.csproj", "{6F49FE4D-B66E-492E-B80D-A45355C37391}"
EndProject
Project("{FAE04EC0-301F-11D3-BF4B-00C04F79EFBC}") = "JsonApi.Tests", "JsonApi.Tests\JsonApi.Tests.csproj", "{012BA3A2-75FC-4F95-88C2-DAEA055E7B1C}"
EndProject
Global
	GlobalSection(SolutionConfigurationPlatforms) = preSolution
		Debug|Any CPU = Debug|Any CPU
		Release|Any CPU = Release|Any CPU
	EndGlobalSection
	GlobalSection(ProjectConfigurationPlatforms) = postSolution
		{A6B4BD7C-D98A-4B6E-A66A-9221F1C8C0A2}.Debug|Any CPU.ActiveCfg = Debug|Any CPU
		{A6B4BD7C-D98A-4B6E-A66A-9221F1C8C0A2}.Debug|Any CPU.Build.0 = Debug|Any CPU
		{A6B4BD7C-D98A-4B6E-A66A-9221F1C8C0A2}.Release|Any CPU.ActiveCfg = Release|Any CPU
		{A6B4BD7C-D98A-4B6E-A66A-9221F1C8C0A2}.Release|Any CPU.Build.0 = Release|Any CPU
		{6F49FE4D-B66E-492E-B80D-A45355C37391}.Debug|Any CPU.ActiveCfg = Debug|Any CPU
		{6F49FE4D-B66E-492E-B80D-A45355C37391}.Debug|Any CPU.Build.0 = Debug|Any CPU
		{6F49FE4D-B66E-492E-B80D-A45355C37391}.Release|Any CPU.ActiveCfg = Release|Any CPU
		{6F49FE4D-B66E-492E-B80D-A45355C37391}.Release|Any CPU.Build.0 = Release|Any CPU
		{012BA3A2-75FC-4F95-88C2-DAEA055E7B1C}.Debug|Any CPU.ActiveCfg = Debug|Any CPU
		{012BA3A2-75FC-4F95-88C2-DAEA055E7B1C}.Debug|Any CPU.Build.0 = Debug|Any CPU
		{012BA3A2-75FC-4F95-88C2-DAEA055E7B1C}.Release|Any CPU.ActiveCfg = Release|Any CPU
		{012BA3A2-75FC-4F95-88C2-DAEA055E7B1C}.Release|Any CPU.Build.0 = Release|Any CPU
	EndGlobalSection
	GlobalSection(SolutionProperties) = preSolution
		HideSolutionNode = FALSE
	EndGlobalSection
EndGlobal
